// !$*UTF8*$!
{
	archiveVersion = 1;
	classes = {
	};
	objectVersion = 46;
	objects = {

/* Begin PBXBuildFile section */
		02CCA85D1D384FD100FD55D8 /* AppDelegate.swift in Sources */ = {isa = PBXBuildFile; fileRef = 02CCA85C1D384FD100FD55D8 /* AppDelegate.swift */; };
		02CCA85F1D384FD100FD55D8 /* ViewController.swift in Sources */ = {isa = PBXBuildFile; fileRef = 02CCA85E1D384FD100FD55D8 /* ViewController.swift */; };
		02CCA8621D384FD100FD55D8 /* Main.storyboard in Resources */ = {isa = PBXBuildFile; fileRef = 02CCA8601D384FD100FD55D8 /* Main.storyboard */; };
		02CCA8641D384FD100FD55D8 /* Assets.xcassets in Resources */ = {isa = PBXBuildFile; fileRef = 02CCA8631D384FD100FD55D8 /* Assets.xcassets */; };
		02CCA8671D384FD100FD55D8 /* LaunchScreen.storyboard in Resources */ = {isa = PBXBuildFile; fileRef = 02CCA8651D384FD100FD55D8 /* LaunchScreen.storyboard */; };
		02CCA8721D384FD100FD55D8 /* Storyboard_practiceTests.swift in Sources */ = {isa = PBXBuildFile; fileRef = 02CCA8711D384FD100FD55D8 /* Storyboard_practiceTests.swift */; };
		02CCA87D1D384FD100FD55D8 /* Storyboard_practiceUITests.swift in Sources */ = {isa = PBXBuildFile; fileRef = 02CCA87C1D384FD100FD55D8 /* Storyboard_practiceUITests.swift */; };
/* End PBXBuildFile section */

/* Begin PBXContainerItemProxy section */
		02CCA86E1D384FD100FD55D8 /* PBXContainerItemProxy */ = {
			isa = PBXContainerItemProxy;
			containerPortal = 02CCA8511D384FD100FD55D8 /* Project object */;
			proxyType = 1;
			remoteGlobalIDString = 02CCA8581D384FD100FD55D8;
			remoteInfo = "Storyboard practice";
		};
		02CCA8791D384FD100FD55D8 /* PBXContainerItemProxy */ = {
			isa = PBXContainerItemProxy;
			containerPortal = 02CCA8511D384FD100FD55D8 /* Project object */;
			proxyType = 1;
			remoteGlobalIDString = 02CCA8581D384FD100FD55D8;
			remoteInfo = "Storyboard practice";
		};
/* End PBXContainerItemProxy section */

/* Begin PBXFileReference section */
		02CCA8591D384FD100FD55D8 /* Storyboard practice.app */ = {isa = PBXFileReference; explicitFileType = wrapper.application; includeInIndex = 0; path = "Storyboard practice.app"; sourceTree = BUILT_PRODUCTS_DIR; };
		02CCA85C1D384FD100FD55D8 /* AppDelegate.swift */ = {isa = PBXFileReference; lastKnownFileType = sourcecode.swift; path = AppDelegate.swift; sourceTree = "<group>"; };
		02CCA85E1D384FD100FD55D8 /* ViewController.swift */ = {isa = PBXFileReference; lastKnownFileType = sourcecode.swift; path = ViewController.swift; sourceTree = "<group>"; };
		02CCA8611D384FD100FD55D8 /* Base */ = {isa = PBXFileReference; lastKnownFileType = file.storyboard; name = Base; path = Base.lproj/Main.storyboard; sourceTree = "<group>"; };
		02CCA8631D384FD100FD55D8 /* Assets.xcassets */ = {isa = PBXFileReference; lastKnownFileType = folder.assetcatalog; path = Assets.xcassets; sourceTree = "<group>"; };
		02CCA8661D384FD100FD55D8 /* Base */ = {isa = PBXFileReference; lastKnownFileType = file.storyboard; name = Base; path = Base.lproj/LaunchScreen.storyboard; sourceTree = "<group>"; };
		02CCA8681D384FD100FD55D8 /* Info.plist */ = {isa = PBXFileReference; lastKnownFileType = text.plist.xml; path = Info.plist; sourceTree = "<group>"; };
		02CCA86D1D384FD100FD55D8 /* Storyboard practiceTests.xctest */ = {isa = PBXFileReference; explicitFileType = wrapper.cfbundle; includeInIndex = 0; path = "Storyboard practiceTests.xctest"; sourceTree = BUILT_PRODUCTS_DIR; };
		02CCA8711D384FD100FD55D8 /* Storyboard_practiceTests.swift */ = {isa = PBXFileReference; lastKnownFileType = sourcecode.swift; path = Storyboard_practiceTests.swift; sourceTree = "<group>"; };
		02CCA8731D384FD100FD55D8 /* Info.plist */ = {isa = PBXFileReference; lastKnownFileType = text.plist.xml; path = Info.plist; sourceTree = "<group>"; };
		02CCA8781D384FD100FD55D8 /* Storyboard practiceUITests.xctest */ = {isa = PBXFileReference; explicitFileType = wrapper.cfbundle; includeInIndex = 0; path = "Storyboard practiceUITests.xctest"; sourceTree = BUILT_PRODUCTS_DIR; };
		02CCA87C1D384FD100FD55D8 /* Storyboard_practiceUITests.swift */ = {isa = PBXFileReference; lastKnownFileType = sourcecode.swift; path = Storyboard_practiceUITests.swift; sourceTree = "<group>"; };
		02CCA87E1D384FD100FD55D8 /* Info.plist */ = {isa = PBXFileReference; lastKnownFileType = text.plist.xml; path = Info.plist; sourceTree = "<group>"; };
/* End PBXFileReference section */

/* Begin PBXFrameworksBuildPhase section */
		02CCA8561D384FD100FD55D8 /* Frameworks */ = {
			isa = PBXFrameworksBuildPhase;
			buildActionMask = 2147483647;
			files = (
			);
			runOnlyForDeploymentPostprocessing = 0;
		};
		02CCA86A1D384FD100FD55D8 /* Frameworks */ = {
			isa = PBXFrameworksBuildPhase;
			buildActionMask = 2147483647;
			files = (
			);
			runOnlyForDeploymentPostprocessing = 0;
		};
		02CCA8751D384FD100FD55D8 /* Frameworks */ = {
			isa = PBXFrameworksBuildPhase;
			buildActionMask = 2147483647;
			files = (
			);
			runOnlyForDeploymentPostprocessing = 0;
		};
/* End PBXFrameworksBuildPhase section */

/* Begin PBXGroup section */
		02CCA8501D384FD100FD55D8 = {
			isa = PBXGroup;
			children = (
				02CCA85B1D384FD100FD55D8 /* Storyboard practice */,
				02CCA8701D384FD100FD55D8 /* Storyboard practiceTests */,
				02CCA87B1D384FD100FD55D8 /* Storyboard practiceUITests */,
				02CCA85A1D384FD100FD55D8 /* Products */,
			);
			sourceTree = "<group>";
		};
		02CCA85A1D384FD100FD55D8 /* Products */ = {
			isa = PBXGroup;
			children = (
				02CCA8591D384FD100FD55D8 /* Storyboard practice.app */,
				02CCA86D1D384FD100FD55D8 /* Storyboard practiceTests.xctest */,
				02CCA8781D384FD100FD55D8 /* Storyboard practiceUITests.xctest */,
			);
			name = Products;
			sourceTree = "<group>";
		};
		02CCA85B1D384FD100FD55D8 /* Storyboard practice */ = {
			isa = PBXGroup;
			children = (
				02CCA85C1D384FD100FD55D8 /* AppDelegate.swift */,
				02CCA85E1D384FD100FD55D8 /* ViewController.swift */,
				02CCA8601D384FD100FD55D8 /* Main.storyboard */,
				02CCA8631D384FD100FD55D8 /* Assets.xcassets */,
				02CCA8651D384FD100FD55D8 /* LaunchScreen.storyboard */,
				02CCA8681D384FD100FD55D8 /* Info.plist */,
			);
			path = "Storyboard practice";
			sourceTree = "<group>";
		};
		02CCA8701D384FD100FD55D8 /* Storyboard practiceTests */ = {
			isa = PBXGroup;
			children = (
				02CCA8711D384FD100FD55D8 /* Storyboard_practiceTests.swift */,
				02CCA8731D384FD100FD55D8 /* Info.plist */,
			);
			path = "Storyboard practiceTests";
			sourceTree = "<group>";
		};
		02CCA87B1D384FD100FD55D8 /* Storyboard practiceUITests */ = {
			isa = PBXGroup;
			children = (
				02CCA87C1D384FD100FD55D8 /* Storyboard_practiceUITests.swift */,
				02CCA87E1D384FD100FD55D8 /* Info.plist */,
			);
			path = "Storyboard practiceUITests";
			sourceTree = "<group>";
		};
/* End PBXGroup section */

/* Begin PBXNativeTarget section */
		02CCA8581D384FD100FD55D8 /* Storyboard practice */ = {
			isa = PBXNativeTarget;
			buildConfigurationList = 02CCA8811D384FD100FD55D8 /* Build configuration list for PBXNativeTarget "Storyboard practice" */;
			buildPhases = (
				02CCA8551D384FD100FD55D8 /* Sources */,
				02CCA8561D384FD100FD55D8 /* Frameworks */,
				02CCA8571D384FD100FD55D8 /* Resources */,
			);
			buildRules = (
			);
			dependencies = (
			);
			name = "Storyboard practice";
			productName = "Storyboard practice";
			productReference = 02CCA8591D384FD100FD55D8 /* Storyboard practice.app */;
			productType = "com.apple.product-type.application";
		};
		02CCA86C1D384FD100FD55D8 /* Storyboard practiceTests */ = {
			isa = PBXNativeTarget;
			buildConfigurationList = 02CCA8841D384FD100FD55D8 /* Build configuration list for PBXNativeTarget "Storyboard practiceTests" */;
			buildPhases = (
				02CCA8691D384FD100FD55D8 /* Sources */,
				02CCA86A1D384FD100FD55D8 /* Frameworks */,
				02CCA86B1D384FD100FD55D8 /* Resources */,
			);
			buildRules = (
			);
			dependencies = (
				02CCA86F1D384FD100FD55D8 /* PBXTargetDependency */,
			);
			name = "Storyboard practiceTests";
			productName = "Storyboard practiceTests";
			productReference = 02CCA86D1D384FD100FD55D8 /* Storyboard practiceTests.xctest */;
			productType = "com.apple.product-type.bundle.unit-test";
		};
		02CCA8771D384FD100FD55D8 /* Storyboard practiceUITests */ = {
			isa = PBXNativeTarget;
			buildConfigurationList = 02CCA8871D384FD100FD55D8 /* Build configuration list for PBXNativeTarget "Storyboard practiceUITests" */;
			buildPhases = (
				02CCA8741D384FD100FD55D8 /* Sources */,
				02CCA8751D384FD100FD55D8 /* Frameworks */,
				02CCA8761D384FD100FD55D8 /* Resources */,
			);
			buildRules = (
			);
			dependencies = (
				02CCA87A1D384FD100FD55D8 /* PBXTargetDependency */,
			);
			name = "Storyboard practiceUITests";
			productName = "Storyboard practiceUITests";
			productReference = 02CCA8781D384FD100FD55D8 /* Storyboard practiceUITests.xctest */;
			productType = "com.apple.product-type.bundle.ui-testing";
		};
/* End PBXNativeTarget section */

/* Begin PBXProject section */
		02CCA8511D384FD100FD55D8 /* Project object */ = {
			isa = PBXProject;
			attributes = {
				LastSwiftUpdateCheck = 0730;
				LastUpgradeCheck = 0730;
				ORGANIZATIONNAME = "Lighthouse Labs";
				TargetAttributes = {
					02CCA8581D384FD100FD55D8 = {
						CreatedOnToolsVersion = 7.3.1;
						DevelopmentTeam = 28T75Y5WXL;
					};
					02CCA86C1D384FD100FD55D8 = {
						CreatedOnToolsVersion = 7.3.1;
						TestTargetID = 02CCA8581D384FD100FD55D8;
					};
					02CCA8771D384FD100FD55D8 = {
						CreatedOnToolsVersion = 7.3.1;
						TestTargetID = 02CCA8581D384FD100FD55D8;
					};
				};
			};
			buildConfigurationList = 02CCA8541D384FD100FD55D8 /* Build configuration list for PBXProject "Storyboard practice" */;
			compatibilityVersion = "Xcode 3.2";
			developmentRegion = English;
			hasScannedForEncodings = 0;
			knownRegions = (
				en,
				Base,
			);
			mainGroup = 02CCA8501D384FD100FD55D8;
			productRefGroup = 02CCA85A1D384FD100FD55D8 /* Products */;
			projectDirPath = "";
			projectRoot = "";
			targets = (
				02CCA8581D384FD100FD55D8 /* Storyboard practice */,
				02CCA86C1D384FD100FD55D8 /* Storyboard practiceTests */,
				02CCA8771D384FD100FD55D8 /* Storyboard practiceUITests */,
			);
		};
/* End PBXProject section */

/* Begin PBXResourcesBuildPhase section */
		02CCA8571D384FD100FD55D8 /* Resources */ = {
			isa = PBXResourcesBuildPhase;
			buildActionMask = 2147483647;
			files = (
				02CCA8671D384FD100FD55D8 /* LaunchScreen.storyboard in Resources */,
				02CCA8641D384FD100FD55D8 /* Assets.xcassets in Resources */,
				02CCA8621D384FD100FD55D8 /* Main.storyboard in Resources */,
			);
			runOnlyForDeploymentPostprocessing = 0;
		};
		02CCA86B1D384FD100FD55D8 /* Resources */ = {
			isa = PBXResourcesBuildPhase;
			buildActionMask = 2147483647;
			files = (
			);
			runOnlyForDeploymentPostprocessing = 0;
		};
		02CCA8761D384FD100FD55D8 /* Resources */ = {
			isa = PBXResourcesBuildPhase;
			buildActionMask = 2147483647;
			files = (
			);
			runOnlyForDeploymentPostprocessing = 0;
		};
/* End PBXResourcesBuildPhase section */

/* Begin PBXSourcesBuildPhase section */
		02CCA8551D384FD100FD55D8 /* Sources */ = {
			isa = PBXSourcesBuildPhase;
			buildActionMask = 2147483647;
			files = (
				02CCA85F1D384FD100FD55D8 /* ViewController.swift in Sources */,
				02CCA85D1D384FD100FD55D8 /* AppDelegate.swift in Sources */,
			);
			runOnlyForDeploymentPostprocessing = 0;
		};
		02CCA8691D384FD100FD55D8 /* Sources */ = {
			isa = PBXSourcesBuildPhase;
			buildActionMask = 2147483647;
			files = (
				02CCA8721D384FD100FD55D8 /* Storyboard_practiceTests.swift in Sources */,
			);
			runOnlyForDeploymentPostprocessing = 0;
		};
		02CCA8741D384FD100FD55D8 /* Sources */ = {
			isa = PBXSourcesBuildPhase;
			buildActionMask = 2147483647;
			files = (
				02CCA87D1D384FD100FD55D8 /* Storyboard_practiceUITests.swift in Sources */,
			);
			runOnlyForDeploymentPostprocessing = 0;
		};
/* End PBXSourcesBuildPhase section */

/* Begin PBXTargetDependency section */
		02CCA86F1D384FD100FD55D8 /* PBXTargetDependency */ = {
			isa = PBXTargetDependency;
			target = 02CCA8581D384FD100FD55D8 /* Storyboard practice */;
			targetProxy = 02CCA86E1D384FD100FD55D8 /* PBXContainerItemProxy */;
		};
		02CCA87A1D384FD100FD55D8 /* PBXTargetDependency */ = {
			isa = PBXTargetDependency;
			target = 02CCA8581D384FD100FD55D8 /* Storyboard practice */;
			targetProxy = 02CCA8791D384FD100FD55D8 /* PBXContainerItemProxy */;
		};
/* End PBXTargetDependency section */

/* Begin PBXVariantGroup section */
		02CCA8601D384FD100FD55D8 /* Main.storyboard */ = {
			isa = PBXVariantGroup;
			children = (
				02CCA8611D384FD100FD55D8 /* Base */,
			);
			name = Main.storyboard;
			sourceTree = "<group>";
		};
		02CCA8651D384FD100FD55D8 /* LaunchScreen.storyboard */ = {
			isa = PBXVariantGroup;
			children = (
				02CCA8661D384FD100FD55D8 /* Base */,
			);
			name = LaunchScreen.storyboard;
			sourceTree = "<group>";
		};
/* End PBXVariantGroup section */

/* Begin XCBuildConfiguration section */
		02CCA87F1D384FD100FD55D8 /* Debug */ = {
			isa = XCBuildConfiguration;
			buildSettings = {
				ALWAYS_SEARCH_USER_PATHS = NO;
				CLANG_ANALYZER_NONNULL = YES;
				CLANG_CXX_LANGUAGE_STANDARD = "gnu++0x";
				CLANG_CXX_LIBRARY = "libc++";
				CLANG_ENABLE_MODULES = YES;
				CLANG_ENABLE_OBJC_ARC = YES;
				CLANG_WARN_BOOL_CONVERSION = YES;
				CLANG_WARN_CONSTANT_CONVERSION = YES;
				CLANG_WARN_DIRECT_OBJC_ISA_USAGE = YES_ERROR;
				CLANG_WARN_EMPTY_BODY = YES;
				CLANG_WARN_ENUM_CONVERSION = YES;
				CLANG_WARN_INT_CONVERSION = YES;
				CLANG_WARN_OBJC_ROOT_CLASS = YES_ERROR;
				CLANG_WARN_UNREACHABLE_CODE = YES;
				CLANG_WARN__DUPLICATE_METHOD_MATCH = YES;
				"CODE_SIGN_IDENTITY[sdk=iphoneos*]" = "iPhone Developer";
				COPY_PHASE_STRIP = NO;
				DEBUG_INFORMATION_FORMAT = dwarf;
				ENABLE_STRICT_OBJC_MSGSEND = YES;
				ENABLE_TESTABILITY = YES;
				GCC_C_LANGUAGE_STANDARD = gnu99;
				GCC_DYNAMIC_NO_PIC = NO;
				GCC_NO_COMMON_BLOCKS = YES;
				GCC_OPTIMIZATION_LEVEL = 0;
				GCC_PREPROCESSOR_DEFINITIONS = (
					"DEBUG=1",
					"$(inherited)",
				);
				GCC_WARN_64_TO_32_BIT_CONVERSION = YES;
				GCC_WARN_ABOUT_RETURN_TYPE = YES_ERROR;
				GCC_WARN_UNDECLARED_SELECTOR = YES;
				GCC_WARN_UNINITIALIZED_AUTOS = YES_AGGRESSIVE;
				GCC_WARN_UNUSED_FUNCTION = YES;
				GCC_WARN_UNUSED_VARIABLE = YES;
				IPHONEOS_DEPLOYMENT_TARGET = 9.3;
				MTL_ENABLE_DEBUG_INFO = YES;
				ONLY_ACTIVE_ARCH = YES;
				SDKROOT = iphoneos;
				SWIFT_OPTIMIZATION_LEVEL = "-Onone";
				TARGETED_DEVICE_FAMILY = "1,2";
			};
			name = Debug;
		};
		02CCA8801D384FD100FD55D8 /* Release */ = {
			isa = XCBuildConfiguration;
			buildSettings = {
				ALWAYS_SEARCH_USER_PATHS = NO;
				CLANG_ANALYZER_NONNULL = YES;
				CLANG_CXX_LANGUAGE_STANDARD = "gnu++0x";
				CLANG_CXX_LIBRARY = "libc++";
				CLANG_ENABLE_MODULES = YES;
				CLANG_ENABLE_OBJC_ARC = YES;
				CLANG_WARN_BOOL_CONVERSION = YES;
				CLANG_WARN_CONSTANT_CONVERSION = YES;
				CLANG_WARN_DIRECT_OBJC_ISA_USAGE = YES_ERROR;
				CLANG_WARN_EMPTY_BODY = YES;
				CLANG_WARN_ENUM_CONVERSION = YES;
				CLANG_WARN_INT_CONVERSION = YES;
				CLANG_WARN_OBJC_ROOT_CLASS = YES_ERROR;
				CLANG_WARN_UNREACHABLE_CODE = YES;
				CLANG_WARN__DUPLICATE_METHOD_MATCH = YES;
				"CODE_SIGN_IDENTITY[sdk=iphoneos*]" = "iPhone Developer";
				COPY_PHASE_STRIP = NO;
				DEBUG_INFORMATION_FORMAT = "dwarf-with-dsym";
				ENABLE_NS_ASSERTIONS = NO;
				ENABLE_STRICT_OBJC_MSGSEND = YES;
				GCC_C_LANGUAGE_STANDARD = gnu99;
				GCC_NO_COMMON_BLOCKS = YES;
				GCC_WARN_64_TO_32_BIT_CONVERSION = YES;
				GCC_WARN_ABOUT_RETURN_TYPE = YES_ERROR;
				GCC_WARN_UNDECLARED_SELECTOR = YES;
				GCC_WARN_UNINITIALIZED_AUTOS = YES_AGGRESSIVE;
				GCC_WARN_UNUSED_FUNCTION = YES;
				GCC_WARN_UNUSED_VARIABLE = YES;
				IPHONEOS_DEPLOYMENT_TARGET = 9.3;
				MTL_ENABLE_DEBUG_INFO = NO;
				SDKROOT = iphoneos;
				TARGETED_DEVICE_FAMILY = "1,2";
				VALIDATE_PRODUCT = YES;
			};
			name = Release;
		};
		02CCA8821D384FD100FD55D8 /* Debug */ = {
			isa = XCBuildConfiguration;
			buildSettings = {
				ASSETCATALOG_COMPILER_APPICON_NAME = AppIcon;
				CODE_SIGN_IDENTITY = "iPhone Developer";
				"CODE_SIGN_IDENTITY[sdk=iphoneos*]" = "iPhone Developer";
				INFOPLIST_FILE = "Storyboard practice/Info.plist";
				LD_RUNPATH_SEARCH_PATHS = "$(inherited) @executable_path/Frameworks";
				PRODUCT_BUNDLE_IDENTIFIER = "Firstproject.Storyboard-practice";
				PRODUCT_NAME = "$(TARGET_NAME)";
				PROVISIONING_PROFILE = "";
			};
			name = Debug;
		};
		02CCA8831D384FD100FD55D8 /* Release */ = {
			isa = XCBuildConfiguration;
			buildSettings = {
				ASSETCATALOG_COMPILER_APPICON_NAME = AppIcon;
				CODE_SIGN_IDENTITY = "iPhone Developer";
				"CODE_SIGN_IDENTITY[sdk=iphoneos*]" = "iPhone Developer";
				INFOPLIST_FILE = "Storyboard practice/Info.plist";
				LD_RUNPATH_SEARCH_PATHS = "$(inherited) @executable_path/Frameworks";
				PRODUCT_BUNDLE_IDENTIFIER = "Firstproject.Storyboard-practice";
				PRODUCT_NAME = "$(TARGET_NAME)";
				PROVISIONING_PROFILE = "";
			};
			name = Release;
		};
		02CCA8851D384FD100FD55D8 /* Debug */ = {
			isa = XCBuildConfiguration;
			buildSettings = {
				BUNDLE_LOADER = "$(TEST_HOST)";
				INFOPLIST_FILE = "Storyboard practiceTests/Info.plist";
				LD_RUNPATH_SEARCH_PATHS = "$(inherited) @executable_path/Frameworks @loader_path/Frameworks";
				PRODUCT_BUNDLE_IDENTIFIER = "Firstproject.Storyboard-practiceTests";
				PRODUCT_NAME = "$(TARGET_NAME)";
				TEST_HOST = "$(BUILT_PRODUCTS_DIR)/Storyboard practice.app/Storyboard practice";
			};
			name = Debug;
		};
		02CCA8861D384FD100FD55D8 /* Release */ = {
			isa = XCBuildConfiguration;
			buildSettings = {
				BUNDLE_LOADER = "$(TEST_HOST)";
				INFOPLIST_FILE = "Storyboard practiceTests/Info.plist";
				LD_RUNPATH_SEARCH_PATHS = "$(inherited) @executable_path/Frameworks @loader_path/Frameworks";
				PRODUCT_BUNDLE_IDENTIFIER = "Firstproject.Storyboard-practiceTests";
				PRODUCT_NAME = "$(TARGET_NAME)";
				TEST_HOST = "$(BUILT_PRODUCTS_DIR)/Storyboard practice.app/Storyboard practice";
			};
			name = Release;
		};
		02CCA8881D384FD100FD55D8 /* Debug */ = {
			isa = XCBuildConfiguration;
			buildSettings = {
				INFOPLIST_FILE = "Storyboard practiceUITests/Info.plist";
				LD_RUNPATH_SEARCH_PATHS = "$(inherited) @executable_path/Frameworks @loader_path/Frameworks";
				PRODUCT_BUNDLE_IDENTIFIER = "Firstproject.Storyboard-practiceUITests";
				PRODUCT_NAME = "$(TARGET_NAME)";
				TEST_TARGET_NAME = "Storyboard practice";
			};
			name = Debug;
		};
		02CCA8891D384FD100FD55D8 /* Release */ = {
			isa = XCBuildConfiguration;
			buildSettings = {
				INFOPLIST_FILE = "Storyboard practiceUITests/Info.plist";
				LD_RUNPATH_SEARCH_PATHS = "$(inherited) @executable_path/Frameworks @loader_path/Frameworks";
				PRODUCT_BUNDLE_IDENTIFIER = "Firstproject.Storyboard-practiceUITests";
				PRODUCT_NAME = "$(TARGET_NAME)";
				TEST_TARGET_NAME = "Storyboard practice";
			};
			name = Release;
		};
/* End XCBuildConfiguration section */

/* Begin XCConfigurationList section */
		02CCA8541D384FD100FD55D8 /* Build configuration list for PBXProject "Storyboard practice" */ = {
			isa = XCConfigurationList;
			buildConfigurations = (
				02CCA87F1D384FD100FD55D8 /* Debug */,
				02CCA8801D384FD100FD55D8 /* Release */,
			);
			defaultConfigurationIsVisible = 0;
			defaultConfigurationName = Release;
		};
		02CCA8811D384FD100FD55D8 /* Build configuration list for PBXNativeTarget "Storyboard practice" */ = {
			isa = XCConfigurationList;
			buildConfigurations = (
				02CCA8821D384FD100FD55D8 /* Debug */,
				02CCA8831D384FD100FD55D8 /* Release */,
			);
			defaultConfigurationIsVisible = 0;
		};
		02CCA8841D384FD100FD55D8 /* Build configuration list for PBXNativeTarget "Storyboard practiceTests" */ = {
			isa = XCConfigurationList;
			buildConfigurations = (
				02CCA8851D384FD100FD55D8 /* Debug */,
				02CCA8861D384FD100FD55D8 /* Release */,
			);
			defaultConfigurationIsVisible = 0;
		};
		02CCA8871D384FD100FD55D8 /* Build configuration list for PBXNativeTarget "Storyboard practiceUITests" */ = {
			isa = XCConfigurationList;
			buildConfigurations = (
				02CCA8881D384FD100FD55D8 /* Debug */,
				02CCA8891D384FD100FD55D8 /* Release */,
			);
			defaultConfigurationIsVisible = 0;
		};
/* End XCConfigurationList section */
	};
	rootObject = 02CCA8511D384FD100FD55D8 /* Project object */;
}
